
Microsoft Visual Studio Solution File, Format Version 12.00
# Visual Studio Version 16
VisualStudioVersion = 16.0.30621.155
MinimumVisualStudioVersion = 10.0.40219.1
Project("{FAE04EC0-301F-11D3-BF4B-00C04F79EFBC}") = "EsercizioLezione2Dicembre", "EsercizioLezione2Dicembre\EsercizioLezione2Dicembre.csproj", "{74F04EAB-6732-476E-A93A-9FD09F0A6EF3}"
EndProject
Project("{FAE04EC0-301F-11D3-BF4B-00C04F79EFBC}") = "LibreriaEs2_12", "LibreriaEs2_12\LibreriaEs2_12.csproj", "{A6F23D68-1D7B-4913-8783-CCC75743D9EE}"
EndProject
Global
	GlobalSection(SolutionConfigurationPlatforms) = preSolution
		Debug|Any CPU = Debug|Any CPU
		Release|Any CPU = Release|Any CPU
	EndGlobalSection
	GlobalSection(ProjectConfigurationPlatforms) = postSolution
		{74F04EAB-6732-476E-A93A-9FD09F0A6EF3}.Debug|Any CPU.ActiveCfg = Debug|Any CPU
		{74F04EAB-6732-476E-A93A-9FD09F0A6EF3}.Debug|Any CPU.Build.0 = Debug|Any CPU
		{74F04EAB-6732-476E-A93A-9FD09F0A6EF3}.Release|Any CPU.ActiveCfg = Release|Any CPU
		{74F04EAB-6732-476E-A93A-9FD09F0A6EF3}.Release|Any CPU.Build.0 = Release|Any CPU
		{A6F23D68-1D7B-4913-8783-CCC75743D9EE}.Debug|Any CPU.ActiveCfg = Debug|Any CPU
		{A6F23D68-1D7B-4913-8783-CCC75743D9EE}.Debug|Any CPU.Build.0 = Debug|Any CPU
		{A6F23D68-1D7B-4913-8783-CCC75743D9EE}.Release|Any CPU.ActiveCfg = Release|Any CPU
		{A6F23D68-1D7B-4913-8783-CCC75743D9EE}.Release|Any CPU.Build.0 = Release|Any CPU
	EndGlobalSection
	GlobalSection(SolutionProperties) = preSolution
		HideSolutionNode = FALSE
	EndGlobalSection
	GlobalSection(ExtensibilityGlobals) = postSolution
		SolutionGuid = {8BE2A518-B8E2-40F9-9027-A05872680633}
	EndGlobalSection
EndGlobal
